
Microsoft Visual Studio Solution File, Format Version 12.00
# Visual Studio Version 16
VisualStudioVersion = 16.0.31911.196
MinimumVisualStudioVersion = 10.0.40219.1
Project("{9A19103F-16F7-4668-BE54-9A1E7A4F7556}") = "AgeOfEmpires0", "AgeOfEmpires\AgeOfEmpires0.csproj", "{89E42A03-D331-47B7-823D-FCEA62AD98A0}"
EndProject
Global
	GlobalSection(SolutionConfigurationPlatforms) = preSolution
		Debug|Any CPU = Debug|Any CPU
		Release|Any CPU = Release|Any CPU
	EndGlobalSection
	GlobalSection(ProjectConfigurationPlatforms) = postSolution
		{89E42A03-D331-47B7-823D-FCEA62AD98A0}.Debug|Any CPU.ActiveCfg = Debug|Any CPU
		{89E42A03-D331-47B7-823D-FCEA62AD98A0}.Debug|Any CPU.Build.0 = Debug|Any CPU
		{89E42A03-D331-47B7-823D-FCEA62AD98A0}.Release|Any CPU.ActiveCfg = Release|Any CPU
		{89E42A03-D331-47B7-823D-FCEA62AD98A0}.Release|Any CPU.Build.0 = Release|Any CPU
	EndGlobalSection
	GlobalSection(SolutionProperties) = preSolution
		HideSolutionNode = FALSE
	EndGlobalSection
	GlobalSection(ExtensibilityGlobals) = postSolution
		SolutionGuid = {DB65B321-D3CB-4099-B34C-0D27FB7D3D14}
	EndGlobalSection
EndGlobal
